
Microsoft Visual Studio Solution File, Format Version 12.00
# Visual Studio Version 16
VisualStudioVersion = 16.0.31129.286
MinimumVisualStudioVersion = 10.0.40219.1
Project("{FAE04EC0-301F-11D3-BF4B-00C04F79EFBC}") = "FinalProject", "FinalProject\FinalProject.csproj", "{45532869-7640-43E6-862B-D80E83258463}"
EndProject
Project("{FAE04EC0-301F-11D3-BF4B-00C04F79EFBC}") = "CheckTree", "CheckTree\CheckTree.csproj", "{4866097D-A71E-4822-9568-176308AA1712}"
EndProject
Global
	GlobalSection(SolutionConfigurationPlatforms) = preSolution
		Debug|Any CPU = Debug|Any CPU
		Release|Any CPU = Release|Any CPU
	EndGlobalSection
	GlobalSection(ProjectConfigurationPlatforms) = postSolution
		{45532869-7640-43E6-862B-D80E83258463}.Debug|Any CPU.ActiveCfg = Debug|Any CPU
		{45532869-7640-43E6-862B-D80E83258463}.Debug|Any CPU.Build.0 = Debug|Any CPU
		{45532869-7640-43E6-862B-D80E83258463}.Release|Any CPU.ActiveCfg = Release|Any CPU
		{45532869-7640-43E6-862B-D80E83258463}.Release|Any CPU.Build.0 = Release|Any CPU
		{4866097D-A71E-4822-9568-176308AA1712}.Debug|Any CPU.ActiveCfg = Debug|Any CPU
		{4866097D-A71E-4822-9568-176308AA1712}.Debug|Any CPU.Build.0 = Debug|Any CPU
		{4866097D-A71E-4822-9568-176308AA1712}.Release|Any CPU.ActiveCfg = Release|Any CPU
		{4866097D-A71E-4822-9568-176308AA1712}.Release|Any CPU.Build.0 = Release|Any CPU
	EndGlobalSection
	GlobalSection(SolutionProperties) = preSolution
		HideSolutionNode = FALSE
	EndGlobalSection
	GlobalSection(ExtensibilityGlobals) = postSolution
		SolutionGuid = {4E4D3B03-C593-42D2-9029-7000115B1A57}
	EndGlobalSection
EndGlobal
